
Microsoft Visual Studio Solution File, Format Version 12.00
# Visual Studio Version 17
VisualStudioVersion = 17.14.36301.6 d17.14
MinimumVisualStudioVersion = 10.0.40219.1
Project("{FAE04EC0-301F-11D3-BF4B-00C04F79EFBC}") = "BrownianMotion", "BrownianMotion\BrownianMotion.csproj", "{773322B6-05B2-4F53-B911-984061059645}"
EndProject
Global
	GlobalSection(SolutionConfigurationPlatforms) = preSolution
		Debug|Any CPU = Debug|Any CPU
		Release|Any CPU = Release|Any CPU
	EndGlobalSection
	GlobalSection(ProjectConfigurationPlatforms) = postSolution
		{773322B6-05B2-4F53-B911-984061059645}.Debug|Any CPU.ActiveCfg = Debug|Any CPU
		{773322B6-05B2-4F53-B911-984061059645}.Debug|Any CPU.Build.0 = Debug|Any CPU
		{773322B6-05B2-4F53-B911-984061059645}.Release|Any CPU.ActiveCfg = Release|Any CPU
		{773322B6-05B2-4F53-B911-984061059645}.Release|Any CPU.Build.0 = Release|Any CPU
	EndGlobalSection
	GlobalSection(SolutionProperties) = preSolution
		HideSolutionNode = FALSE
	EndGlobalSection
	GlobalSection(ExtensibilityGlobals) = postSolution
		SolutionGuid = {BC275D6D-1F22-43D6-86B1-A719515C2C67}
	EndGlobalSection
EndGlobal
